PODS:
  - atrust_flutter (0.0.1):
    - Flutter
  - Flutter (1.0.0)
  - integration_test (0.0.1):
    - Flutter

DEPENDENCIES:
  - atrust_flutter (from `.symlinks/plugins/atrust_flutter/ios`)
  - Flutter (from `Flutter`)
  - integration_test (from `.symlinks/plugins/integration_test/ios`)

EXTERNAL SOURCES:
  atrust_flutter:
    :path: ".symlinks/plugins/atrust_flutter/ios"
  Flutter:
    :path: Flutter
  integration_test:
    :path: ".symlinks/plugins/integration_test/ios"

SPEC CHECKSUMS:
  atrust_flutter: ec8b45b8a232dde2c190bbfa7c28f90419243a1e
  Flutter: e0871f40cf51350855a761d2e70bf5af5b9b5de7
  integration_test: 4a889634ef21a45d28d50d622cf412dc6d9f586e

PODFILE CHECKSUM: 3fa3b71e93b773646ea923db9defae9e3f1717ab

COCOAPODS: 1.16.2
